
Microsoft Visual Studio Solution File, Format Version 12.00
# Visual Studio Version 17
VisualStudioVersion = 17.7.34031.279
MinimumVisualStudioVersion = 10.0.40219.1
Project("{9A19103F-16F7-4668-BE54-9A1E7A4F7556}") = "Entities", "Entities\Entities.csproj", "{5B175246-3725-4123-931A-BEC43282FB17}"
EndProject
Project("{9A19103F-16F7-4668-BE54-9A1E7A4F7556}") = "HalloDoc_Project", "HalloDoc_Project\HalloDoc_Project.csproj", "{9439D572-16D8-4066-AEB6-EEFC99F8C89B}"
EndProject
Project("{9A19103F-16F7-4668-BE54-9A1E7A4F7556}") = "Repositories", "Repositories\Repositories.csproj", "{8FA6FE5D-2784-4286-99DF-7BB2CA7CD316}"
EndProject
Global
	GlobalSection(SolutionConfigurationPlatforms) = preSolution
		Debug|Any CPU = Debug|Any CPU
		Release|Any CPU = Release|Any CPU
	EndGlobalSection
	GlobalSection(ProjectConfigurationPlatforms) = postSolution
		{5B175246-3725-4123-931A-BEC43282FB17}.Debug|Any CPU.ActiveCfg = Debug|Any CPU
		{5B175246-3725-4123-931A-BEC43282FB17}.Debug|Any CPU.Build.0 = Debug|Any CPU
		{5B175246-3725-4123-931A-BEC43282FB17}.Release|Any CPU.ActiveCfg = Release|Any CPU
		{5B175246-3725-4123-931A-BEC43282FB17}.Release|Any CPU.Build.0 = Release|Any CPU
		{9439D572-16D8-4066-AEB6-EEFC99F8C89B}.Debug|Any CPU.ActiveCfg = Debug|Any CPU
		{9439D572-16D8-4066-AEB6-EEFC99F8C89B}.Debug|Any CPU.Build.0 = Debug|Any CPU
		{9439D572-16D8-4066-AEB6-EEFC99F8C89B}.Release|Any CPU.ActiveCfg = Release|Any CPU
		{9439D572-16D8-4066-AEB6-EEFC99F8C89B}.Release|Any CPU.Build.0 = Release|Any CPU
		{8FA6FE5D-2784-4286-99DF-7BB2CA7CD316}.Debug|Any CPU.ActiveCfg = Debug|Any CPU
		{8FA6FE5D-2784-4286-99DF-7BB2CA7CD316}.Debug|Any CPU.Build.0 = Debug|Any CPU
		{8FA6FE5D-2784-4286-99DF-7BB2CA7CD316}.Release|Any CPU.ActiveCfg = Release|Any CPU
		{8FA6FE5D-2784-4286-99DF-7BB2CA7CD316}.Release|Any CPU.Build.0 = Release|Any CPU
	EndGlobalSection
	GlobalSection(SolutionProperties) = preSolution
		HideSolutionNode = FALSE
	EndGlobalSection
	GlobalSection(ExtensibilityGlobals) = postSolution
		SolutionGuid = {ED1B0C80-4C74-4321-8B2A-32653534F86C}
	EndGlobalSection
EndGlobal
